{
  "name": "nomenclate-js",
  "version": "0.4.0",
  "lockfileVersion": 1,
  "requires": true,
  "dependencies": {
    "bcurl": {
      "version": "0.1.4",
      "resolved": "https://registry.npmjs.org/bcurl/-/bcurl-0.1.4.tgz",
      "integrity": "sha512-wy+/9uBQWrcNcMy4qCl241qATNnB0evBO5oTJboINXXG3c152wDyEnedAvypkOp4Mh0fYrlsO6yYr5RmRXnVIQ==",
      "requires": {
        "brq": "~0.1.4",
        "bsert": "~0.0.5",
        "bsock": "~0.1.4"
      }
    },
    "brq": {
      "version": "0.1.4",
      "resolved": "https://registry.npmjs.org/brq/-/brq-0.1.4.tgz",
      "integrity": "sha512-VPQtZgDjc3awXuzpuGrjuJtqsImDKrj7z4tVWC2bMafutD4Efx50otZMyxvQzJlQz3kXK3uAKonrHLKWy0Yo+A==",
      "requires": {
        "bsert": "~0.0.5"
      }
    },
    "bsert": {
      "version": "0.0.5",
      "resolved": "https://registry.npmjs.org/bsert/-/bsert-0.0.5.tgz",
      "integrity": "sha512-prgSa82RHcsdEM7SKYl1S7j0tKeiE3SF8C3B39MyUrpbP66diJK16RIkbFC2pXvQx4xitN0xMgBHKBAgBldX1w=="
    },
    "bsock": {
      "version": "0.1.4",
      "resolved": "https://registry.npmjs.org/bsock/-/bsock-0.1.4.tgz",
      "integrity": "sha512-3hfPScf58kC13udMqXL/GiBubUOmwwMaTljIY8xJI0pO2uOmAaDyBCqT/PiteXRHHC1lDinK2wkFayc4xX92Wg==",
      "requires": {
        "bsert": "~0.0.5"
      }
    }
  }
}
